// !$*UTF8*$!
{
	archiveVersion = 1;
	classes = {
	};
	objectVersion = 46;
	objects = {

/* Begin PBXBuildFile section */
		2A285036193CD591000F20AF /* Foundation.framework in Frameworks */ = {isa = PBXBuildFile; fileRef = 2A285035193CD591000F20AF /* Foundation.framework */; };
		2A285038193CD591000F20AF /* CoreGraphics.framework in Frameworks */ = {isa = PBXBuildFile; fileRef = 2A285037193CD591000F20AF /* CoreGraphics.framework */; };
		2A28503A193CD592000F20AF /* UIKit.framework in Frameworks */ = {isa = PBXBuildFile; fileRef = 2A285039193CD592000F20AF /* UIKit.framework */; };
		2A285040193CD592000F20AF /* InfoPlist.strings in Resources */ = {isa = PBXBuildFile; fileRef = 2A28503E193CD592000F20AF /* InfoPlist.strings */; };
		2A285042193CD592000F20AF /* main.m in Sources */ = {isa = PBXBuildFile; fileRef = 2A285041193CD592000F20AF /* main.m */; };
		2A285046193CD592000F20AF /* FBAppDelegate.m in Sources */ = {isa = PBXBuildFile; fileRef = 2A285045193CD592000F20AF /* FBAppDelegate.m */; };
		2A285049193CD592000F20AF /* Main.storyboard in Resources */ = {isa = PBXBuildFile; fileRef = 2A285047193CD592000F20AF /* Main.storyboard */; };
		2A28504F193CD592000F20AF /* FBMapViewController.m in Sources */ = {isa = PBXBuildFile; fileRef = 2A28504E193CD592000F20AF /* FBMapViewController.m */; };
		2A285051193CD592000F20AF /* Images.xcassets in Resources */ = {isa = PBXBuildFile; fileRef = 2A285050193CD592000F20AF /* Images.xcassets */; };
		2A285058193CD592000F20AF /* XCTest.framework in Frameworks */ = {isa = PBXBuildFile; fileRef = 2A285057193CD592000F20AF /* XCTest.framework */; };
		2A285059193CD592000F20AF /* Foundation.framework in Frameworks */ = {isa = PBXBuildFile; fileRef = 2A285035193CD591000F20AF /* Foundation.framework */; };
		2A28505A193CD592000F20AF /* UIKit.framework in Frameworks */ = {isa = PBXBuildFile; fileRef = 2A285039193CD592000F20AF /* UIKit.framework */; };
		2A285062193CD592000F20AF /* InfoPlist.strings in Resources */ = {isa = PBXBuildFile; fileRef = 2A285060193CD592000F20AF /* InfoPlist.strings */; };
		2A285064193CD592000F20AF /* MapTheDataTests.m in Sources */ = {isa = PBXBuildFile; fileRef = 2A285063193CD592000F20AF /* MapTheDataTests.m */; };
		2A5DF149194B57DD00F905C3 /* FBViewController.m in Sources */ = {isa = PBXBuildFile; fileRef = 2A5DF148194B57DD00F905C3 /* FBViewController.m */; };
		2A5DF14D194B585400F905C3 /* FBDatabase.m in Sources */ = {isa = PBXBuildFile; fileRef = 2A5DF14C194B585400F905C3 /* FBDatabase.m */; };
		2A5DF15D194B721400F905C3 /* FBLocation.m in Sources */ = {isa = PBXBuildFile; fileRef = 2A5DF15C194B721400F905C3 /* FBLocation.m */; };
		2A64A5EB193DA7700096C62A /* CoreData.framework in Frameworks */ = {isa = PBXBuildFile; fileRef = 2A64A5EA193DA7700096C62A /* CoreData.framework */; };
		2A64A5EE193DA7E00096C62A /* TheData.xcdatamodeld in Sources */ = {isa = PBXBuildFile; fileRef = 2A64A5EC193DA7E00096C62A /* TheData.xcdatamodeld */; };
		2A6B7B7A19419BAA0031CC6D /* MapKit.framework in Frameworks */ = {isa = PBXBuildFile; fileRef = 2A6B7B7919419BAA0031CC6D /* MapKit.framework */; };
		2AAD192F194794EA00BA8E22 /* TODO in Resources */ = {isa = PBXBuildFile; fileRef = 2AAD192E194794EA00BA8E22 /* TODO */; };
		2AED10C8194DC7C800CE5248 /* FBGeodata.m in Sources */ = {isa = PBXBuildFile; fileRef = 2AED10C5194DC7C800CE5248 /* FBGeodata.m */; };
		2AED10C9194DC7C800CE5248 /* FBServer.m in Sources */ = {isa = PBXBuildFile; fileRef = 2AED10C7194DC7C800CE5248 /* FBServer.m */; };
		2AED10CC194DD36300CE5248 /* FBModels.m in Sources */ = {isa = PBXBuildFile; fileRef = 2AED10CB194DD36300CE5248 /* FBModels.m */; };
		2AF72D06193E4CA300BC1CF0 /* FBLoadViewController.m in Sources */ = {isa = PBXBuildFile; fileRef = 2AF72D05193E4CA300BC1CF0 /* FBLoadViewController.m */; };
		2AF72D0A193F033400BC1CF0 /* FBTableViewCell.m in Sources */ = {isa = PBXBuildFile; fileRef = 2AF72D08193F033400BC1CF0 /* FBTableViewCell.m */; };
		2AF72D0B193F033400BC1CF0 /* FBTableViewCell.xib in Resources */ = {isa = PBXBuildFile; fileRef = 2AF72D09193F033400BC1CF0 /* FBTableViewCell.xib */; };
		8650EE312DC64AE3ABF2C6FE /* libPods.a in Frameworks */ = {isa = PBXBuildFile; fileRef = 5F0BA4D3A5554E868764C859 /* libPods.a */; };
/* End PBXBuildFile section */

/* Begin PBXContainerItemProxy section */
		2A28505B193CD592000F20AF /* PBXContainerItemProxy */ = {
			isa = PBXContainerItemProxy;
			containerPortal = 2A28502A193CD591000F20AF /* Project object */;
			proxyType = 1;
			remoteGlobalIDString = 2A285031193CD591000F20AF;
			remoteInfo = MapTheData;
		};
/* End PBXContainerItemProxy section */

/* Begin PBXFileReference section */
		2A285032193CD591000F20AF /* MapTheData.app */ = {isa = PBXFileReference; explicitFileType = wrapper.application; includeInIndex = 0; path = MapTheData.app; sourceTree = BUILT_PRODUCTS_DIR; };
		2A285035193CD591000F20AF /* Foundation.framework */ = {isa = PBXFileReference; lastKnownFileType = wrapper.framework; name = Foundation.framework; path = System/Library/Frameworks/Foundation.framework; sourceTree = SDKROOT; };
		2A285037193CD591000F20AF /* CoreGraphics.framework */ = {isa = PBXFileReference; lastKnownFileType = wrapper.framework; name = CoreGraphics.framework; path = System/Library/Frameworks/CoreGraphics.framework; sourceTree = SDKROOT; };
		2A285039193CD592000F20AF /* UIKit.framework */ = {isa = PBXFileReference; lastKnownFileType = wrapper.framework; name = UIKit.framework; path = System/Library/Frameworks/UIKit.framework; sourceTree = SDKROOT; };
		2A28503D193CD592000F20AF /* MapTheData-Info.plist */ = {isa = PBXFileReference; lastKnownFileType = text.plist.xml; path = "MapTheData-Info.plist"; sourceTree = "<group>"; };
		2A28503F193CD592000F20AF /* en */ = {isa = PBXFileReference; lastKnownFileType = text.plist.strings; name = en; path = en.lproj/InfoPlist.strings; sourceTree = "<group>"; };
		2A285041193CD592000F20AF /* main.m */ = {isa = PBXFileReference; lastKnownFileType = sourcecode.c.objc; path = main.m; sourceTree = "<group>"; };
		2A285043193CD592000F20AF /* MapTheData-Prefix.pch */ = {isa = PBXFileReference; lastKnownFileType = sourcecode.c.h; path = "MapTheData-Prefix.pch"; sourceTree = "<group>"; };
		2A285044193CD592000F20AF /* FBAppDelegate.h */ = {isa = PBXFileReference; lastKnownFileType = sourcecode.c.h; path = FBAppDelegate.h; sourceTree = "<group>"; };
		2A285045193CD592000F20AF /* FBAppDelegate.m */ = {isa = PBXFileReference; lastKnownFileType = sourcecode.c.objc; path = FBAppDelegate.m; sourceTree = "<group>"; };
		2A285048193CD592000F20AF /* Base */ = {isa = PBXFileReference; lastKnownFileType = file.storyboard; name = Base; path = Base.lproj/Main.storyboard; sourceTree = "<group>"; };
		2A28504D193CD592000F20AF /* FBMapViewController.h */ = {isa = PBXFileReference; lastKnownFileType = sourcecode.c.h; path = FBMapViewController.h; sourceTree = "<group>"; };
		2A28504E193CD592000F20AF /* FBMapViewController.m */ = {isa = PBXFileReference; lastKnownFileType = sourcecode.c.objc; path = FBMapViewController.m; sourceTree = "<group>"; };
		2A285050193CD592000F20AF /* Images.xcassets */ = {isa = PBXFileReference; lastKnownFileType = folder.assetcatalog; path = Images.xcassets; sourceTree = "<group>"; };
		2A285056193CD592000F20AF /* MapTheDataTests.xctest */ = {isa = PBXFileReference; explicitFileType = wrapper.cfbundle; includeInIndex = 0; path = MapTheDataTests.xctest; sourceTree = BUILT_PRODUCTS_DIR; };
		2A285057193CD592000F20AF /* XCTest.framework */ = {isa = PBXFileReference; lastKnownFileType = wrapper.framework; name = XCTest.framework; path = Library/Frameworks/XCTest.framework; sourceTree = DEVELOPER_DIR; };
		2A28505F193CD592000F20AF /* MapTheDataTests-Info.plist */ = {isa = PBXFileReference; lastKnownFileType = text.plist.xml; path = "MapTheDataTests-Info.plist"; sourceTree = "<group>"; };
		2A285061193CD592000F20AF /* en */ = {isa = PBXFileReference; lastKnownFileType = text.plist.strings; name = en; path = en.lproj/InfoPlist.strings; sourceTree = "<group>"; };
		2A285063193CD592000F20AF /* MapTheDataTests.m */ = {isa = PBXFileReference; lastKnownFileType = sourcecode.c.objc; path = MapTheDataTests.m; sourceTree = "<group>"; };
		2A5DF147194B57DD00F905C3 /* FBViewController.h */ = {isa = PBXFileReference; fileEncoding = 4; lastKnownFileType = sourcecode.c.h; path = FBViewController.h; sourceTree = "<group>"; };
		2A5DF148194B57DD00F905C3 /* FBViewController.m */ = {isa = PBXFileReference; fileEncoding = 4; lastKnownFileType = sourcecode.c.objc; path = FBViewController.m; sourceTree = "<group>"; };
		2A5DF14B194B585400F905C3 /* FBDatabase.h */ = {isa = PBXFileReference; fileEncoding = 4; lastKnownFileType = sourcecode.c.h; name = FBDatabase.h; path = Services/FBDatabase.h; sourceTree = "<group>"; };
		2A5DF14C194B585400F905C3 /* FBDatabase.m */ = {isa = PBXFileReference; fileEncoding = 4; lastKnownFileType = sourcecode.c.objc; name = FBDatabase.m; path = Services/FBDatabase.m; sourceTree = "<group>"; };
		2A5DF15B194B721400F905C3 /* FBLocation.h */ = {isa = PBXFileReference; fileEncoding = 4; lastKnownFileType = sourcecode.c.h; name = FBLocation.h; path = Models/FBLocation.h; sourceTree = "<group>"; };
		2A5DF15C194B721400F905C3 /* FBLocation.m */ = {isa = PBXFileReference; fileEncoding = 4; lastKnownFileType = sourcecode.c.objc; name = FBLocation.m; path = Models/FBLocation.m; sourceTree = "<group>"; };
		2A5DF15E194C317400F905C3 /* FBServerDelegate.h */ = {isa = PBXFileReference; lastKnownFileType = sourcecode.c.h; name = FBServerDelegate.h; path = Services/FBServerDelegate.h; sourceTree = "<group>"; };
		2A64A5EA193DA7700096C62A /* CoreData.framework */ = {isa = PBXFileReference; lastKnownFileType = wrapper.framework; name = CoreData.framework; path = System/Library/Frameworks/CoreData.framework; sourceTree = SDKROOT; };
		2A64A5ED193DA7E00096C62A /* TheData.xcdatamodel */ = {isa = PBXFileReference; lastKnownFileType = wrapper.xcdatamodel; path = TheData.xcdatamodel; sourceTree = "<group>"; };
		2A6B7B7919419BAA0031CC6D /* MapKit.framework */ = {isa = PBXFileReference; lastKnownFileType = wrapper.framework; name = MapKit.framework; path = System/Library/Frameworks/MapKit.framework; sourceTree = SDKROOT; };
		2AAD192E194794EA00BA8E22 /* TODO */ = {isa = PBXFileReference; fileEncoding = 4; lastKnownFileType = text; path = TODO; sourceTree = "<group>"; };
		2AED10C4194DC7C800CE5248 /* FBGeodata.h */ = {isa = PBXFileReference; fileEncoding = 4; lastKnownFileType = sourcecode.c.h; name = FBGeodata.h; path = Services/FBGeodata.h; sourceTree = "<group>"; };
		2AED10C5194DC7C800CE5248 /* FBGeodata.m */ = {isa = PBXFileReference; fileEncoding = 4; lastKnownFileType = sourcecode.c.objc; name = FBGeodata.m; path = Services/FBGeodata.m; sourceTree = "<group>"; };
		2AED10C6194DC7C800CE5248 /* FBServer.h */ = {isa = PBXFileReference; fileEncoding = 4; lastKnownFileType = sourcecode.c.h; name = FBServer.h; path = Services/FBServer.h; sourceTree = "<group>"; };
		2AED10C7194DC7C800CE5248 /* FBServer.m */ = {isa = PBXFileReference; fileEncoding = 4; lastKnownFileType = sourcecode.c.objc; name = FBServer.m; path = Services/FBServer.m; sourceTree = "<group>"; };
		2AED10CA194DD36300CE5248 /* FBModels.h */ = {isa = PBXFileReference; fileEncoding = 4; lastKnownFileType = sourcecode.c.h; name = FBModels.h; path = Services/FBModels.h; sourceTree = "<group>"; };
		2AED10CB194DD36300CE5248 /* FBModels.m */ = {isa = PBXFileReference; fileEncoding = 4; lastKnownFileType = sourcecode.c.objc; name = FBModels.m; path = Services/FBModels.m; sourceTree = "<group>"; };
		2AF72D04193E4CA300BC1CF0 /* FBLoadViewController.h */ = {isa = PBXFileReference; fileEncoding = 4; lastKnownFileType = sourcecode.c.h; path = FBLoadViewController.h; sourceTree = "<group>"; };
		2AF72D05193E4CA300BC1CF0 /* FBLoadViewController.m */ = {isa = PBXFileReference; fileEncoding = 4; lastKnownFileType = sourcecode.c.objc; path = FBLoadViewController.m; sourceTree = "<group>"; };
		2AF72D07193F033400BC1CF0 /* FBTableViewCell.h */ = {isa = PBXFileReference; fileEncoding = 4; lastKnownFileType = sourcecode.c.h; path = FBTableViewCell.h; sourceTree = "<group>"; };
		2AF72D08193F033400BC1CF0 /* FBTableViewCell.m */ = {isa = PBXFileReference; fileEncoding = 4; lastKnownFileType = sourcecode.c.objc; path = FBTableViewCell.m; sourceTree = "<group>"; };
		2AF72D09193F033400BC1CF0 /* FBTableViewCell.xib */ = {isa = PBXFileReference; fileEncoding = 4; lastKnownFileType = file.xib; path = FBTableViewCell.xib; sourceTree = "<group>"; };
		57A6F5BB1B224D158D6732F6 /* Pods.xcconfig */ = {isa = PBXFileReference; includeInIndex = 1; lastKnownFileType = text.xcconfig; name = Pods.xcconfig; path = Pods/Pods.xcconfig; sourceTree = "<group>"; };
		5F0BA4D3A5554E868764C859 /* libPods.a */ = {isa = PBXFileReference; explicitFileType = archive.ar; includeInIndex = 0; path = libPods.a; sourceTree = BUILT_PRODUCTS_DIR; };
/* End PBXFileReference section */

/* Begin PBXFrameworksBuildPhase section */
		2A28502F193CD591000F20AF /* Frameworks */ = {
			isa = PBXFrameworksBuildPhase;
			buildActionMask = 2147483647;
			files = (
				2A6B7B7A19419BAA0031CC6D /* MapKit.framework in Frameworks */,
				2A64A5EB193DA7700096C62A /* CoreData.framework in Frameworks */,
				2A285038193CD591000F20AF /* CoreGraphics.framework in Frameworks */,
				2A28503A193CD592000F20AF /* UIKit.framework in Frameworks */,
				2A285036193CD591000F20AF /* Foundation.framework in Frameworks */,
				8650EE312DC64AE3ABF2C6FE /* libPods.a in Frameworks */,
			);
			runOnlyForDeploymentPostprocessing = 0;
		};
		2A285053193CD592000F20AF /* Frameworks */ = {
			isa = PBXFrameworksBuildPhase;
			buildActionMask = 2147483647;
			files = (
				2A285058193CD592000F20AF /* XCTest.framework in Frameworks */,
				2A28505A193CD592000F20AF /* UIKit.framework in Frameworks */,
				2A285059193CD592000F20AF /* Foundation.framework in Frameworks */,
			);
			runOnlyForDeploymentPostprocessing = 0;
		};
/* End PBXFrameworksBuildPhase section */

/* Begin PBXGroup section */
		2A285029193CD591000F20AF = {
			isa = PBXGroup;
			children = (
				2AAD192E194794EA00BA8E22 /* TODO */,
				2A28503B193CD592000F20AF /* MapTheData */,
				2A28505D193CD592000F20AF /* MapTheDataTests */,
				2A285034193CD591000F20AF /* Frameworks */,
				2A285033193CD591000F20AF /* Products */,
				57A6F5BB1B224D158D6732F6 /* Pods.xcconfig */,
			);
			sourceTree = "<group>";
		};
		2A285033193CD591000F20AF /* Products */ = {
			isa = PBXGroup;
			children = (
				2A285032193CD591000F20AF /* MapTheData.app */,
				2A285056193CD592000F20AF /* MapTheDataTests.xctest */,
			);
			name = Products;
			sourceTree = "<group>";
		};
		2A285034193CD591000F20AF /* Frameworks */ = {
			isa = PBXGroup;
			children = (
				2A6B7B7919419BAA0031CC6D /* MapKit.framework */,
				2A64A5EA193DA7700096C62A /* CoreData.framework */,
				2A285035193CD591000F20AF /* Foundation.framework */,
				2A285037193CD591000F20AF /* CoreGraphics.framework */,
				2A285039193CD592000F20AF /* UIKit.framework */,
				2A285057193CD592000F20AF /* XCTest.framework */,
				5F0BA4D3A5554E868764C859 /* libPods.a */,
			);
			name = Frameworks;
			sourceTree = "<group>";
		};
		2A28503B193CD592000F20AF /* MapTheData */ = {
			isa = PBXGroup;
			children = (
				2A5DF154194B660B00F905C3 /* Models */,
				2A5DF14A194B582100F905C3 /* Services */,
				2A285044193CD592000F20AF /* FBAppDelegate.h */,
				2A285045193CD592000F20AF /* FBAppDelegate.m */,
				2A285047193CD592000F20AF /* Main.storyboard */,
				2A28504D193CD592000F20AF /* FBMapViewController.h */,
				2A28504E193CD592000F20AF /* FBMapViewController.m */,
				2A5DF147194B57DD00F905C3 /* FBViewController.h */,
				2A5DF148194B57DD00F905C3 /* FBViewController.m */,
				2AF72D04193E4CA300BC1CF0 /* FBLoadViewController.h */,
				2AF72D05193E4CA300BC1CF0 /* FBLoadViewController.m */,
				2A285050193CD592000F20AF /* Images.xcassets */,
				2A28503C193CD592000F20AF /* Supporting Files */,
				2AF72D07193F033400BC1CF0 /* FBTableViewCell.h */,
				2AF72D08193F033400BC1CF0 /* FBTableViewCell.m */,
				2AF72D09193F033400BC1CF0 /* FBTableViewCell.xib */,
			);
			path = MapTheData;
			sourceTree = "<group>";
		};
		2A28503C193CD592000F20AF /* Supporting Files */ = {
			isa = PBXGroup;
			children = (
				2A28503D193CD592000F20AF /* MapTheData-Info.plist */,
				2A28503E193CD592000F20AF /* InfoPlist.strings */,
				2A285041193CD592000F20AF /* main.m */,
				2A285043193CD592000F20AF /* MapTheData-Prefix.pch */,
				2A64A5EC193DA7E00096C62A /* TheData.xcdatamodeld */,
			);
			name = "Supporting Files";
			sourceTree = "<group>";
		};
		2A28505D193CD592000F20AF /* MapTheDataTests */ = {
			isa = PBXGroup;
			children = (
				2A285063193CD592000F20AF /* MapTheDataTests.m */,
				2A28505E193CD592000F20AF /* Supporting Files */,
			);
			path = MapTheDataTests;
			sourceTree = "<group>";
		};
		2A28505E193CD592000F20AF /* Supporting Files */ = {
			isa = PBXGroup;
			children = (
				2A28505F193CD592000F20AF /* MapTheDataTests-Info.plist */,
				2A285060193CD592000F20AF /* InfoPlist.strings */,
			);
			name = "Supporting Files";
			sourceTree = "<group>";
		};
		2A5DF14A194B582100F905C3 /* Services */ = {
			isa = PBXGroup;
			children = (
				2AED10CA194DD36300CE5248 /* FBModels.h */,
				2AED10CB194DD36300CE5248 /* FBModels.m */,
				2AED10C4194DC7C800CE5248 /* FBGeodata.h */,
				2AED10C5194DC7C800CE5248 /* FBGeodata.m */,
				2AED10C6194DC7C800CE5248 /* FBServer.h */,
				2AED10C7194DC7C800CE5248 /* FBServer.m */,
				2A5DF14B194B585400F905C3 /* FBDatabase.h */,
				2A5DF14C194B585400F905C3 /* FBDatabase.m */,
				2A5DF15E194C317400F905C3 /* FBServerDelegate.h */,
			);
			name = Services;
			sourceTree = "<group>";
		};
		2A5DF154194B660B00F905C3 /* Models */ = {
			isa = PBXGroup;
			children = (
				2A5DF15B194B721400F905C3 /* FBLocation.h */,
				2A5DF15C194B721400F905C3 /* FBLocation.m */,
			);
			name = Models;
			sourceTree = "<group>";
		};
/* End PBXGroup section */

/* Begin PBXNativeTarget section */
		2A285031193CD591000F20AF /* MapTheData */ = {
			isa = PBXNativeTarget;
			buildConfigurationList = 2A285067193CD592000F20AF /* Build configuration list for PBXNativeTarget "MapTheData" */;
			buildPhases = (
				880593A70168495E8680E12C /* Check Pods Manifest.lock */,
				2A28502E193CD591000F20AF /* Sources */,
				2A28502F193CD591000F20AF /* Frameworks */,
				2A285030193CD591000F20AF /* Resources */,
				E725D43A874444B6BA9DF37C /* Copy Pods Resources */,
			);
			buildRules = (
			);
			dependencies = (
			);
			name = MapTheData;
			productName = MapTheData;
			productReference = 2A285032193CD591000F20AF /* MapTheData.app */;
			productType = "com.apple.product-type.application";
		};
		2A285055193CD592000F20AF /* MapTheDataTests */ = {
			isa = PBXNativeTarget;
			buildConfigurationList = 2A28506A193CD592000F20AF /* Build configuration list for PBXNativeTarget "MapTheDataTests" */;
			buildPhases = (
				2A285052193CD592000F20AF /* Sources */,
				2A285053193CD592000F20AF /* Frameworks */,
				2A285054193CD592000F20AF /* Resources */,
			);
			buildRules = (
			);
			dependencies = (
				2A28505C193CD592000F20AF /* PBXTargetDependency */,
			);
			name = MapTheDataTests;
			productName = MapTheDataTests;
			productReference = 2A285056193CD592000F20AF /* MapTheDataTests.xctest */;
			productType = "com.apple.product-type.bundle.unit-test";
		};
/* End PBXNativeTarget section */

/* Begin PBXProject section */
		2A28502A193CD591000F20AF /* Project object */ = {
			isa = PBXProject;
			attributes = {
				CLASSPREFIX = FB;
				LastUpgradeCheck = 0510;
				ORGANIZATIONNAME = "___FULLUSERNAME___";
				TargetAttributes = {
					2A285055193CD592000F20AF = {
						TestTargetID = 2A285031193CD591000F20AF;
					};
				};
			};
			buildConfigurationList = 2A28502D193CD591000F20AF /* Build configuration list for PBXProject "MapTheData" */;
			compatibilityVersion = "Xcode 3.2";
			developmentRegion = English;
			hasScannedForEncodings = 0;
			knownRegions = (
				en,
				Base,
			);
			mainGroup = 2A285029193CD591000F20AF;
			productRefGroup = 2A285033193CD591000F20AF /* Products */;
			projectDirPath = "";
			projectRoot = "";
			targets = (
				2A285031193CD591000F20AF /* MapTheData */,
				2A285055193CD592000F20AF /* MapTheDataTests */,
			);
		};
/* End PBXProject section */

/* Begin PBXResourcesBuildPhase section */
		2A285030193CD591000F20AF /* Resources */ = {
			isa = PBXResourcesBuildPhase;
			buildActionMask = 2147483647;
			files = (
				2AF72D0B193F033400BC1CF0 /* FBTableViewCell.xib in Resources */,
				2AAD192F194794EA00BA8E22 /* TODO in Resources */,
				2A285051193CD592000F20AF /* Images.xcassets in Resources */,
				2A285049193CD592000F20AF /* Main.storyboard in Resources */,
				2A285040193CD592000F20AF /* InfoPlist.strings in Resources */,
			);
			runOnlyForDeploymentPostprocessing = 0;
		};
		2A285054193CD592000F20AF /* Resources */ = {
			isa = PBXResourcesBuildPhase;
			buildActionMask = 2147483647;
			files = (
				2A285062193CD592000F20AF /* InfoPlist.strings in Resources */,
			);
			runOnlyForDeploymentPostprocessing = 0;
		};
/* End PBXResourcesBuildPhase section */

/* Begin PBXShellScriptBuildPhase section */
		880593A70168495E8680E12C /* Check Pods Manifest.lock */ = {
			isa = PBXShellScriptBuildPhase;
			buildActionMask = 2147483647;
			files = (
			);
			inputPaths = (
			);
			name = "Check Pods Manifest.lock";
			outputPaths = (
			);
			runOnlyForDeploymentPostprocessing = 0;
			shellPath = /bin/sh;
			shellScript = "diff \"${PODS_ROOT}/../Podfile.lock\" \"${PODS_ROOT}/Manifest.lock\" > /dev/null\nif [[ $? != 0 ]] ; then\n    cat << EOM\nerror: The sandbox is not in sync with the Podfile.lock. Run 'pod install' or update your CocoaPods installation.\nEOM\n    exit 1\nfi\n";
			showEnvVarsInLog = 0;
		};
		E725D43A874444B6BA9DF37C /* Copy Pods Resources */ = {
			isa = PBXShellScriptBuildPhase;
			buildActionMask = 2147483647;
			files = (
			);
			inputPaths = (
			);
			name = "Copy Pods Resources";
			outputPaths = (
			);
			runOnlyForDeploymentPostprocessing = 0;
			shellPath = /bin/sh;
			shellScript = "\"${SRCROOT}/Pods/Pods-resources.sh\"\n";
			showEnvVarsInLog = 0;
		};
/* End PBXShellScriptBuildPhase section */

/* Begin PBXSourcesBuildPhase section */
		2A28502E193CD591000F20AF /* Sources */ = {
			isa = PBXSourcesBuildPhase;
			buildActionMask = 2147483647;
			files = (
				2A5DF15D194B721400F905C3 /* FBLocation.m in Sources */,
				2AED10CC194DD36300CE5248 /* FBModels.m in Sources */,
				2AF72D0A193F033400BC1CF0 /* FBTableViewCell.m in Sources */,
				2A285046193CD592000F20AF /* FBAppDelegate.m in Sources */,
				2A285042193CD592000F20AF /* main.m in Sources */,
				2A5DF149194B57DD00F905C3 /* FBViewController.m in Sources */,
				2A64A5EE193DA7E00096C62A /* TheData.xcdatamodeld in Sources */,
				2AF72D06193E4CA300BC1CF0 /* FBLoadViewController.m in Sources */,
				2AED10C9194DC7C800CE5248 /* FBServer.m in Sources */,
				2A5DF14D194B585400F905C3 /* FBDatabase.m in Sources */,
				2A28504F193CD592000F20AF /* FBMapViewController.m in Sources */,
				2AED10C8194DC7C800CE5248 /* FBGeodata.m in Sources */,
			);
			runOnlyForDeploymentPostprocessing = 0;
		};
		2A285052193CD592000F20AF /* Sources */ = {
			isa = PBXSourcesBuildPhase;
			buildActionMask = 2147483647;
			files = (
				2A285064193CD592000F20AF /* MapTheDataTests.m in Sources */,
			);
			runOnlyForDeploymentPostprocessing = 0;
		};
/* End PBXSourcesBuildPhase section */

/* Begin PBXTargetDependency section */
		2A28505C193CD592000F20AF /* PBXTargetDependency */ = {
			isa = PBXTargetDependency;
			target = 2A285031193CD591000F20AF /* MapTheData */;
			targetProxy = 2A28505B193CD592000F20AF /* PBXContainerItemProxy */;
		};
/* End PBXTargetDependency section */

/* Begin PBXVariantGroup section */
		2A28503E193CD592000F20AF /* InfoPlist.strings */ = {
			isa = PBXVariantGroup;
			children = (
				2A28503F193CD592000F20AF /* en */,
			);
			name = InfoPlist.strings;
			sourceTree = "<group>";
		};
		2A285047193CD592000F20AF /* Main.storyboard */ = {
			isa = PBXVariantGroup;
			children = (
				2A285048193CD592000F20AF /* Base */,
			);
			name = Main.storyboard;
			sourceTree = "<group>";
		};
		2A285060193CD592000F20AF /* InfoPlist.strings */ = {
			isa = PBXVariantGroup;
			children = (
				2A285061193CD592000F20AF /* en */,
			);
			name = InfoPlist.strings;
			sourceTree = "<group>";
		};
/* End PBXVariantGroup section */

/* Begin XCBuildConfiguration section */
		2A285065193CD592000F20AF /* Debug */ = {
			isa = XCBuildConfiguration;
			buildSettings = {
				ALWAYS_SEARCH_USER_PATHS = NO;
				CLANG_CXX_LANGUAGE_STANDARD = "gnu++0x";
				CLANG_CXX_LIBRARY = "libc++";
				CLANG_ENABLE_MODULES = YES;
				CLANG_ENABLE_OBJC_ARC = YES;
				CLANG_WARN_BOOL_CONVERSION = YES;
				CLANG_WARN_CONSTANT_CONVERSION = YES;
				CLANG_WARN_DIRECT_OBJC_ISA_USAGE = YES_ERROR;
				CLANG_WARN_EMPTY_BODY = YES;
				CLANG_WARN_ENUM_CONVERSION = YES;
				CLANG_WARN_INT_CONVERSION = YES;
				CLANG_WARN_OBJC_ROOT_CLASS = YES_ERROR;
				CLANG_WARN__DUPLICATE_METHOD_MATCH = YES;
				"CODE_SIGN_IDENTITY[sdk=iphoneos*]" = "iPhone Developer";
				COPY_PHASE_STRIP = NO;
				GCC_C_LANGUAGE_STANDARD = gnu99;
				GCC_DYNAMIC_NO_PIC = NO;
				GCC_OPTIMIZATION_LEVEL = 0;
				GCC_PREPROCESSOR_DEFINITIONS = (
					"DEBUG=1",
					"$(inherited)",
				);
				GCC_SYMBOLS_PRIVATE_EXTERN = NO;
				GCC_WARN_64_TO_32_BIT_CONVERSION = YES;
				GCC_WARN_ABOUT_RETURN_TYPE = YES_ERROR;
				GCC_WARN_UNDECLARED_SELECTOR = YES;
				GCC_WARN_UNINITIALIZED_AUTOS = YES_AGGRESSIVE;
				GCC_WARN_UNUSED_FUNCTION = YES;
				GCC_WARN_UNUSED_VARIABLE = YES;
				IPHONEOS_DEPLOYMENT_TARGET = 7.1;
				ONLY_ACTIVE_ARCH = YES;
				SDKROOT = iphoneos;
				TARGETED_DEVICE_FAMILY = "1,2";
			};
			name = Debug;
		};
		2A285066193CD592000F20AF /* Release */ = {
			isa = XCBuildConfiguration;
			buildSettings = {
				ALWAYS_SEARCH_USER_PATHS = NO;
				CLANG_CXX_LANGUAGE_STANDARD = "gnu++0x";
				CLANG_CXX_LIBRARY = "libc++";
				CLANG_ENABLE_MODULES = YES;
				CLANG_ENABLE_OBJC_ARC = YES;
				CLANG_WARN_BOOL_CONVERSION = YES;
				CLANG_WARN_CONSTANT_CONVERSION = YES;
				CLANG_WARN_DIRECT_OBJC_ISA_USAGE = YES_ERROR;
				CLANG_WARN_EMPTY_BODY = YES;
				CLANG_WARN_ENUM_CONVERSION = YES;
				CLANG_WARN_INT_CONVERSION = YES;
				CLANG_WARN_OBJC_ROOT_CLASS = YES_ERROR;
				CLANG_WARN__DUPLICATE_METHOD_MATCH = YES;
				"CODE_SIGN_IDENTITY[sdk=iphoneos*]" = "iPhone Developer";
				COPY_PHASE_STRIP = YES;
				ENABLE_NS_ASSERTIONS = NO;
				GCC_C_LANGUAGE_STANDARD = gnu99;
				GCC_WARN_64_TO_32_BIT_CONVERSION = YES;
				GCC_WARN_ABOUT_RETURN_TYPE = YES_ERROR;
				GCC_WARN_UNDECLARED_SELECTOR = YES;
				GCC_WARN_UNINITIALIZED_AUTOS = YES_AGGRESSIVE;
				GCC_WARN_UNUSED_FUNCTION = YES;
				GCC_WARN_UNUSED_VARIABLE = YES;
				IPHONEOS_DEPLOYMENT_TARGET = 7.1;
				SDKROOT = iphoneos;
				TARGETED_DEVICE_FAMILY = "1,2";
				VALIDATE_PRODUCT = YES;
			};
			name = Release;
		};
		2A285068193CD592000F20AF /* Debug */ = {
			isa = XCBuildConfiguration;
			baseConfigurationReference = 57A6F5BB1B224D158D6732F6 /* Pods.xcconfig */;
			buildSettings = {
				ASSETCATALOG_COMPILER_APPICON_NAME = AppIcon;
				ASSETCATALOG_COMPILER_LAUNCHIMAGE_NAME = LaunchImage;
				GCC_PRECOMPILE_PREFIX_HEADER = YES;
				GCC_PREFIX_HEADER = "MapTheData/MapTheData-Prefix.pch";
				INFOPLIST_FILE = "MapTheData/MapTheData-Info.plist";
				PRODUCT_NAME = "$(TARGET_NAME)";
				WRAPPER_EXTENSION = app;
			};
			name = Debug;
		};
		2A285069193CD592000F20AF /* Release */ = {
			isa = XCBuildConfiguration;
			baseConfigurationReference = 57A6F5BB1B224D158D6732F6 /* Pods.xcconfig */;
			buildSettings = {
				ASSETCATALOG_COMPILER_APPICON_NAME = AppIcon;
				ASSETCATALOG_COMPILER_LAUNCHIMAGE_NAME = LaunchImage;
				GCC_PRECOMPILE_PREFIX_HEADER = YES;
				GCC_PREFIX_HEADER = "MapTheData/MapTheData-Prefix.pch";
				INFOPLIST_FILE = "MapTheData/MapTheData-Info.plist";
				PRODUCT_NAME = "$(TARGET_NAME)";
				WRAPPER_EXTENSION = app;
			};
			name = Release;
		};
		2A28506B193CD592000F20AF /* Debug */ = {
			isa = XCBuildConfiguration;
			buildSettings = {
				BUNDLE_LOADER = "$(BUILT_PRODUCTS_DIR)/MapTheData.app/MapTheData";
				FRAMEWORK_SEARCH_PATHS = (
					"$(SDKROOT)/Developer/Library/Frameworks",
					"$(inherited)",
					"$(DEVELOPER_FRAMEWORKS_DIR)",
				);
				GCC_PRECOMPILE_PREFIX_HEADER = YES;
				GCC_PREFIX_HEADER = "MapTheData/MapTheData-Prefix.pch";
				GCC_PREPROCESSOR_DEFINITIONS = (
					"DEBUG=1",
					"$(inherited)",
				);
				INFOPLIST_FILE = "MapTheDataTests/MapTheDataTests-Info.plist";
				PRODUCT_NAME = "$(TARGET_NAME)";
				TEST_HOST = "$(BUNDLE_LOADER)";
				WRAPPER_EXTENSION = xctest;
			};
			name = Debug;
		};
		2A28506C193CD592000F20AF /* Release */ = {
			isa = XCBuildConfiguration;
			buildSettings = {
				BUNDLE_LOADER = "$(BUILT_PRODUCTS_DIR)/MapTheData.app/MapTheData";
				FRAMEWORK_SEARCH_PATHS = (
					"$(SDKROOT)/Developer/Library/Frameworks",
					"$(inherited)",
					"$(DEVELOPER_FRAMEWORKS_DIR)",
				);
				GCC_PRECOMPILE_PREFIX_HEADER = YES;
				GCC_PREFIX_HEADER = "MapTheData/MapTheData-Prefix.pch";
				INFOPLIST_FILE = "MapTheDataTests/MapTheDataTests-Info.plist";
				PRODUCT_NAME = "$(TARGET_NAME)";
				TEST_HOST = "$(BUNDLE_LOADER)";
				WRAPPER_EXTENSION = xctest;
			};
			name = Release;
		};
/* End XCBuildConfiguration section */

/* Begin XCConfigurationList section */
		2A28502D193CD591000F20AF /* Build configuration list for PBXProject "MapTheData" */ = {
			isa = XCConfigurationList;
			buildConfigurations = (
				2A285065193CD592000F20AF /* Debug */,
				2A285066193CD592000F20AF /* Release */,
			);
			defaultConfigurationIsVisible = 0;
			defaultConfigurationName = Release;
		};
		2A285067193CD592000F20AF /* Build configuration list for PBXNativeTarget "MapTheData" */ = {
			isa = XCConfigurationList;
			buildConfigurations = (
				2A285068193CD592000F20AF /* Debug */,
				2A285069193CD592000F20AF /* Release */,
			);
			defaultConfigurationIsVisible = 0;
			defaultConfigurationName = Release;
		};
		2A28506A193CD592000F20AF /* Build configuration list for PBXNativeTarget "MapTheDataTests" */ = {
			isa = XCConfigurationList;
			buildConfigurations = (
				2A28506B193CD592000F20AF /* Debug */,
				2A28506C193CD592000F20AF /* Release */,
			);
			defaultConfigurationIsVisible = 0;
			defaultConfigurationName = Release;
		};
/* End XCConfigurationList section */

/* Begin XCVersionGroup section */
		2A64A5EC193DA7E00096C62A /* TheData.xcdatamodeld */ = {
			isa = XCVersionGroup;
			children = (
				2A64A5ED193DA7E00096C62A /* TheData.xcdatamodel */,
			);
			currentVersion = 2A64A5ED193DA7E00096C62A /* TheData.xcdatamodel */;
			path = TheData.xcdatamodeld;
			sourceTree = "<group>";
			versionGroupType = wrapper.xcdatamodel;
		};
/* End XCVersionGroup section */
	};
	rootObject = 2A28502A193CD591000F20AF /* Project object */;
}
